// !$*UTF8*$!
{
	archiveVersion = 1;
	classes = {
	};
	objectVersion = 56;
	objects = {

/* Begin PBXBuildFile section */
		EA58730129BDBE2300AEB39E /* RegisterViewController.swift in Sources */ = {isa = PBXBuildFile; fileRef = EA58730029BDBE2300AEB39E /* RegisterViewController.swift */; };
		EA58730229BF097900AEB39E /* Montserrat-Light.ttf in Resources */ = {isa = PBXBuildFile; fileRef = EA5872FB29BDB56100AEB39E /* Montserrat-Light.ttf */; };
		EA58730329BF097C00AEB39E /* Montserrat-Regular.ttf in Resources */ = {isa = PBXBuildFile; fileRef = EA5872FC29BDB58800AEB39E /* Montserrat-Regular.ttf */; };
		EA58730429BF097F00AEB39E /* Montserrat-Medium.ttf in Resources */ = {isa = PBXBuildFile; fileRef = EA5872FE29BDB58800AEB39E /* Montserrat-Medium.ttf */; };
		EA58730529BF098100AEB39E /* Montserrat-Bold.ttf in Resources */ = {isa = PBXBuildFile; fileRef = EA5872FD29BDB58800AEB39E /* Montserrat-Bold.ttf */; };
		EAB29B4A29BC99CC00922342 /* AppDelegate.swift in Sources */ = {isa = PBXBuildFile; fileRef = EAB29B4929BC99CC00922342 /* AppDelegate.swift */; };
		EAB29B4C29BC99CC00922342 /* SceneDelegate.swift in Sources */ = {isa = PBXBuildFile; fileRef = EAB29B4B29BC99CC00922342 /* SceneDelegate.swift */; };
		EAB29B4E29BC99CC00922342 /* MainTabBarViewController.swift in Sources */ = {isa = PBXBuildFile; fileRef = EAB29B4D29BC99CC00922342 /* MainTabBarViewController.swift */; };
		EAB29B5329BC99CF00922342 /* Assets.xcassets in Resources */ = {isa = PBXBuildFile; fileRef = EAB29B5229BC99CF00922342 /* Assets.xcassets */; };
		EAB29B5629BC99CF00922342 /* LaunchScreen.storyboard in Resources */ = {isa = PBXBuildFile; fileRef = EAB29B5429BC99CF00922342 /* LaunchScreen.storyboard */; };
		EAB29B6129BC9C2600922342 /* HomeViewController.swift in Sources */ = {isa = PBXBuildFile; fileRef = EAB29B6029BC9C2600922342 /* HomeViewController.swift */; };
		EAB29B6329BC9C8100922342 /* FavouritesViewController.swift in Sources */ = {isa = PBXBuildFile; fileRef = EAB29B6229BC9C8100922342 /* FavouritesViewController.swift */; };
		EAB29B6529BC9D6100922342 /* ShoppingCartViewController.swift in Sources */ = {isa = PBXBuildFile; fileRef = EAB29B6429BC9D6100922342 /* ShoppingCartViewController.swift */; };
		EAB29B6729BC9DA500922342 /* ChatViewController.swift in Sources */ = {isa = PBXBuildFile; fileRef = EAB29B6629BC9DA500922342 /* ChatViewController.swift */; };
		EAB29B6929BC9E0300922342 /* UserAccountViewController.swift in Sources */ = {isa = PBXBuildFile; fileRef = EAB29B6829BC9E0300922342 /* UserAccountViewController.swift */; };
		EAB29B7129BCA17200922342 /* Resources.swift in Sources */ = {isa = PBXBuildFile; fileRef = EAB29B7029BCA17200922342 /* Resources.swift */; };
		EAC7154929BF307C0085C6F1 /* AuthenticationViewViewModel.swift in Sources */ = {isa = PBXBuildFile; fileRef = EAC7154829BF307C0085C6F1 /* AuthenticationViewViewModel.swift */; };
		EAC7154C29BF3ADC0085C6F1 /* OnlineShopModel.xcdatamodeld in Sources */ = {isa = PBXBuildFile; fileRef = EAC7154A29BF3ADC0085C6F1 /* OnlineShopModel.xcdatamodeld */; };
		EAC7154F29BF40AE0085C6F1 /* DatabaseManager.swift in Sources */ = {isa = PBXBuildFile; fileRef = EAC7154E29BF40AE0085C6F1 /* DatabaseManager.swift */; };
		EAC7155229BF43870085C6F1 /* UserApp.swift in Sources */ = {isa = PBXBuildFile; fileRef = EAC7155129BF43870085C6F1 /* UserApp.swift */; };
/* End PBXBuildFile section */

/* Begin PBXFileReference section */
		EA5872FB29BDB56100AEB39E /* Montserrat-Light.ttf */ = {isa = PBXFileReference; lastKnownFileType = file; path = "Montserrat-Light.ttf"; sourceTree = "<group>"; };
		EA5872FC29BDB58800AEB39E /* Montserrat-Regular.ttf */ = {isa = PBXFileReference; lastKnownFileType = file; path = "Montserrat-Regular.ttf"; sourceTree = "<group>"; };
		EA5872FD29BDB58800AEB39E /* Montserrat-Bold.ttf */ = {isa = PBXFileReference; lastKnownFileType = file; path = "Montserrat-Bold.ttf"; sourceTree = "<group>"; };
		EA5872FE29BDB58800AEB39E /* Montserrat-Medium.ttf */ = {isa = PBXFileReference; lastKnownFileType = file; path = "Montserrat-Medium.ttf"; sourceTree = "<group>"; };
		EA58730029BDBE2300AEB39E /* RegisterViewController.swift */ = {isa = PBXFileReference; lastKnownFileType = sourcecode.swift; path = RegisterViewController.swift; sourceTree = "<group>"; };
		EAB29B4629BC99CC00922342 /* OnlineShop.app */ = {isa = PBXFileReference; explicitFileType = wrapper.application; includeInIndex = 0; path = OnlineShop.app; sourceTree = BUILT_PRODUCTS_DIR; };
		EAB29B4929BC99CC00922342 /* AppDelegate.swift */ = {isa = PBXFileReference; lastKnownFileType = sourcecode.swift; path = AppDelegate.swift; sourceTree = "<group>"; };
		EAB29B4B29BC99CC00922342 /* SceneDelegate.swift */ = {isa = PBXFileReference; lastKnownFileType = sourcecode.swift; path = SceneDelegate.swift; sourceTree = "<group>"; };
		EAB29B4D29BC99CC00922342 /* MainTabBarViewController.swift */ = {isa = PBXFileReference; lastKnownFileType = sourcecode.swift; path = MainTabBarViewController.swift; sourceTree = "<group>"; };
		EAB29B5229BC99CF00922342 /* Assets.xcassets */ = {isa = PBXFileReference; lastKnownFileType = folder.assetcatalog; path = Assets.xcassets; sourceTree = "<group>"; };
		EAB29B5529BC99CF00922342 /* Base */ = {isa = PBXFileReference; lastKnownFileType = file.storyboard; name = Base; path = Base.lproj/LaunchScreen.storyboard; sourceTree = "<group>"; };
		EAB29B5729BC99CF00922342 /* Info.plist */ = {isa = PBXFileReference; lastKnownFileType = text.plist.xml; path = Info.plist; sourceTree = "<group>"; };
		EAB29B6029BC9C2600922342 /* HomeViewController.swift */ = {isa = PBXFileReference; lastKnownFileType = sourcecode.swift; path = HomeViewController.swift; sourceTree = "<group>"; };
		EAB29B6229BC9C8100922342 /* FavouritesViewController.swift */ = {isa = PBXFileReference; lastKnownFileType = sourcecode.swift; path = FavouritesViewController.swift; sourceTree = "<group>"; };
		EAB29B6429BC9D6100922342 /* ShoppingCartViewController.swift */ = {isa = PBXFileReference; lastKnownFileType = sourcecode.swift; path = ShoppingCartViewController.swift; sourceTree = "<group>"; };
		EAB29B6629BC9DA500922342 /* ChatViewController.swift */ = {isa = PBXFileReference; lastKnownFileType = sourcecode.swift; path = ChatViewController.swift; sourceTree = "<group>"; };
		EAB29B6829BC9E0300922342 /* UserAccountViewController.swift */ = {isa = PBXFileReference; lastKnownFileType = sourcecode.swift; path = UserAccountViewController.swift; sourceTree = "<group>"; };
		EAB29B7029BCA17200922342 /* Resources.swift */ = {isa = PBXFileReference; lastKnownFileType = sourcecode.swift; path = Resources.swift; sourceTree = "<group>"; };
		EAC7154829BF307C0085C6F1 /* AuthenticationViewViewModel.swift */ = {isa = PBXFileReference; lastKnownFileType = sourcecode.swift; path = AuthenticationViewViewModel.swift; sourceTree = "<group>"; };
		EAC7154B29BF3ADC0085C6F1 /* OnlineShopModel.xcdatamodel */ = {isa = PBXFileReference; lastKnownFileType = wrapper.xcdatamodel; path = OnlineShopModel.xcdatamodel; sourceTree = "<group>"; };
		EAC7154E29BF40AE0085C6F1 /* DatabaseManager.swift */ = {isa = PBXFileReference; lastKnownFileType = sourcecode.swift; path = DatabaseManager.swift; sourceTree = "<group>"; };
		EAC7155129BF43870085C6F1 /* UserApp.swift */ = {isa = PBXFileReference; lastKnownFileType = sourcecode.swift; path = UserApp.swift; sourceTree = "<group>"; };
/* End PBXFileReference section */

/* Begin PBXFrameworksBuildPhase section */
		EAB29B4329BC99CC00922342 /* Frameworks */ = {
			isa = PBXFrameworksBuildPhase;
			buildActionMask = 2147483647;
			files = (
			);
			runOnlyForDeploymentPostprocessing = 0;
		};
/* End PBXFrameworksBuildPhase section */

/* Begin PBXGroup section */
		EA5872FF29BDBB0400AEB39E /* Onboarding */ = {
			isa = PBXGroup;
			children = (
				EA58730029BDBE2300AEB39E /* RegisterViewController.swift */,
			);
			path = Onboarding;
			sourceTree = "<group>";
		};
		EAB29B3D29BC99CC00922342 = {
			isa = PBXGroup;
			children = (
				EAB29B4829BC99CC00922342 /* OnlineShop */,
				EAB29B4729BC99CC00922342 /* Products */,
			);
			sourceTree = "<group>";
		};
		EAB29B4729BC99CC00922342 /* Products */ = {
			isa = PBXGroup;
			children = (
				EAB29B4629BC99CC00922342 /* OnlineShop.app */,
			);
			name = Products;
			sourceTree = "<group>";
		};
		EAB29B4829BC99CC00922342 /* OnlineShop */ = {
			isa = PBXGroup;
			children = (
				EAC7155029BF43640085C6F1 /* Model */,
				EAB29B5D29BC9B8600922342 /* App */,
				EAC7154D29BF407B0085C6F1 /* Manager */,
				EAC7154729BF304F0085C6F1 /* ViewModel */,
				EAB29B5E29BC9B9400922342 /* Controller */,
				EAB29B6A29BCA06200922342 /* Resources */,
				EAB29B5429BC99CF00922342 /* LaunchScreen.storyboard */,
				EAB29B5729BC99CF00922342 /* Info.plist */,
				EAC7154A29BF3ADC0085C6F1 /* OnlineShopModel.xcdatamodeld */,
			);
			path = OnlineShop;
			sourceTree = "<group>";
		};
		EAB29B5D29BC9B8600922342 /* App */ = {
			isa = PBXGroup;
			children = (
				EAB29B4929BC99CC00922342 /* AppDelegate.swift */,
				EAB29B4B29BC99CC00922342 /* SceneDelegate.swift */,
			);
			path = App;
			sourceTree = "<group>";
		};
		EAB29B5E29BC9B9400922342 /* Controller */ = {
			isa = PBXGroup;
			children = (
				EA5872FF29BDBB0400AEB39E /* Onboarding */,
				EAB29B5F29BC9BA000922342 /* Core */,
			);
			path = Controller;
			sourceTree = "<group>";
		};
		EAB29B5F29BC9BA000922342 /* Core */ = {
			isa = PBXGroup;
			children = (
				EAB29B4D29BC99CC00922342 /* MainTabBarViewController.swift */,
				EAB29B6029BC9C2600922342 /* HomeViewController.swift */,
				EAB29B6229BC9C8100922342 /* FavouritesViewController.swift */,
				EAB29B6429BC9D6100922342 /* ShoppingCartViewController.swift */,
				EAB29B6629BC9DA500922342 /* ChatViewController.swift */,
				EAB29B6829BC9E0300922342 /* UserAccountViewController.swift */,
			);
			path = Core;
			sourceTree = "<group>";
		};
		EAB29B6A29BCA06200922342 /* Resources */ = {
			isa = PBXGroup;
			children = (
				EAB29B6B29BCA0EB00922342 /* Font */,
				EAB29B7029BCA17200922342 /* Resources.swift */,
				EAB29B5229BC99CF00922342 /* Assets.xcassets */,
			);
			path = Resources;
			sourceTree = "<group>";
		};
		EAB29B6B29BCA0EB00922342 /* Font */ = {
			isa = PBXGroup;
			children = (
				EA5872FB29BDB56100AEB39E /* Montserrat-Light.ttf */,
				EA5872FC29BDB58800AEB39E /* Montserrat-Regular.ttf */,
				EA5872FE29BDB58800AEB39E /* Montserrat-Medium.ttf */,
				EA5872FD29BDB58800AEB39E /* Montserrat-Bold.ttf */,
			);
			path = Font;
			sourceTree = "<group>";
		};
		EAC7154729BF304F0085C6F1 /* ViewModel */ = {
			isa = PBXGroup;
			children = (
				EAC7154829BF307C0085C6F1 /* AuthenticationViewViewModel.swift */,
			);
			path = ViewModel;
			sourceTree = "<group>";
		};
		EAC7154D29BF407B0085C6F1 /* Manager */ = {
			isa = PBXGroup;
			children = (
				EAC7154E29BF40AE0085C6F1 /* DatabaseManager.swift */,
			);
			path = Manager;
			sourceTree = "<group>";
		};
		EAC7155029BF43640085C6F1 /* Model */ = {
			isa = PBXGroup;
			children = (
				EAC7155129BF43870085C6F1 /* UserApp.swift */,
			);
			path = Model;
			sourceTree = "<group>";
		};
/* End PBXGroup section */

/* Begin PBXNativeTarget section */
		EAB29B4529BC99CC00922342 /* OnlineShop */ = {
			isa = PBXNativeTarget;
			buildConfigurationList = EAB29B5A29BC99CF00922342 /* Build configuration list for PBXNativeTarget "OnlineShop" */;
			buildPhases = (
				EAB29B4229BC99CC00922342 /* Sources */,
				EAB29B4329BC99CC00922342 /* Frameworks */,
				EAB29B4429BC99CC00922342 /* Resources */,
			);
			buildRules = (
			);
			dependencies = (
			);
			name = OnlineShop;
			productName = OnlineShop;
			productReference = EAB29B4629BC99CC00922342 /* OnlineShop.app */;
			productType = "com.apple.product-type.application";
		};
/* End PBXNativeTarget section */

/* Begin PBXProject section */
		EAB29B3E29BC99CC00922342 /* Project object */ = {
			isa = PBXProject;
			attributes = {
				BuildIndependentTargetsInParallel = 1;
				LastSwiftUpdateCheck = 1400;
				LastUpgradeCheck = 1400;
				TargetAttributes = {
					EAB29B4529BC99CC00922342 = {
						CreatedOnToolsVersion = 14.0;
					};
				};
			};
			buildConfigurationList = EAB29B4129BC99CC00922342 /* Build configuration list for PBXProject "OnlineShop" */;
			compatibilityVersion = "Xcode 14.0";
			developmentRegion = en;
			hasScannedForEncodings = 0;
			knownRegions = (
				en,
				Base,
			);
			mainGroup = EAB29B3D29BC99CC00922342;
			productRefGroup = EAB29B4729BC99CC00922342 /* Products */;
			projectDirPath = "";
			projectRoot = "";
			targets = (
				EAB29B4529BC99CC00922342 /* OnlineShop */,
			);
		};
/* End PBXProject section */

/* Begin PBXResourcesBuildPhase section */
		EAB29B4429BC99CC00922342 /* Resources */ = {
			isa = PBXResourcesBuildPhase;
			buildActionMask = 2147483647;
			files = (
				EA58730329BF097C00AEB39E /* Montserrat-Regular.ttf in Resources */,
				EA58730429BF097F00AEB39E /* Montserrat-Medium.ttf in Resources */,
				EA58730529BF098100AEB39E /* Montserrat-Bold.ttf in Resources */,
				EA58730229BF097900AEB39E /* Montserrat-Light.ttf in Resources */,
				EAB29B5629BC99CF00922342 /* LaunchScreen.storyboard in Resources */,
				EAB29B5329BC99CF00922342 /* Assets.xcassets in Resources */,
			);
			runOnlyForDeploymentPostprocessing = 0;
		};
/* End PBXResourcesBuildPhase section */

/* Begin PBXSourcesBuildPhase section */
		EAB29B4229BC99CC00922342 /* Sources */ = {
			isa = PBXSourcesBuildPhase;
			buildActionMask = 2147483647;
			files = (
				EAB29B4E29BC99CC00922342 /* MainTabBarViewController.swift in Sources */,
				EA58730129BDBE2300AEB39E /* RegisterViewController.swift in Sources */,
				EAC7154F29BF40AE0085C6F1 /* DatabaseManager.swift in Sources */,
				EAB29B4A29BC99CC00922342 /* AppDelegate.swift in Sources */,
				EAB29B6529BC9D6100922342 /* ShoppingCartViewController.swift in Sources */,
				EAB29B6729BC9DA500922342 /* ChatViewController.swift in Sources */,
				EAC7155229BF43870085C6F1 /* UserApp.swift in Sources */,
				EAB29B4C29BC99CC00922342 /* SceneDelegate.swift in Sources */,
				EAC7154929BF307C0085C6F1 /* AuthenticationViewViewModel.swift in Sources */,
				EAB29B6929BC9E0300922342 /* UserAccountViewController.swift in Sources */,
				EAC7154C29BF3ADC0085C6F1 /* OnlineShopModel.xcdatamodeld in Sources */,
				EAB29B7129BCA17200922342 /* Resources.swift in Sources */,
				EAB29B6329BC9C8100922342 /* FavouritesViewController.swift in Sources */,
				EAB29B6129BC9C2600922342 /* HomeViewController.swift in Sources */,
			);
			runOnlyForDeploymentPostprocessing = 0;
		};
/* End PBXSourcesBuildPhase section */

/* Begin PBXVariantGroup section */
		EAB29B5429BC99CF00922342 /* LaunchScreen.storyboard */ = {
			isa = PBXVariantGroup;
			children = (
				EAB29B5529BC99CF00922342 /* Base */,
			);
			name = LaunchScreen.storyboard;
			sourceTree = "<group>";
		};
/* End PBXVariantGroup section */

/* Begin XCBuildConfiguration section */
		EAB29B5829BC99CF00922342 /* Debug */ = {
			isa = XCBuildConfiguration;
			buildSettings = {
				ALWAYS_SEARCH_USER_PATHS = NO;
				CLANG_ANALYZER_NONNULL = YES;
				CLANG_ANALYZER_NUMBER_OBJECT_CONVERSION = YES_AGGRESSIVE;
				CLANG_CXX_LANGUAGE_STANDARD = "gnu++20";
				CLANG_ENABLE_MODULES = YES;
				CLANG_ENABLE_OBJC_ARC = YES;
				CLANG_ENABLE_OBJC_WEAK = YES;
				CLANG_WARN_BLOCK_CAPTURE_AUTORELEASING = YES;
				CLANG_WARN_BOOL_CONVERSION = YES;
				CLANG_WARN_COMMA = YES;
				CLANG_WARN_CONSTANT_CONVERSION = YES;
				CLANG_WARN_DEPRECATED_OBJC_IMPLEMENTATIONS = YES;
				CLANG_WARN_DIRECT_OBJC_ISA_USAGE = YES_ERROR;
				CLANG_WARN_DOCUMENTATION_COMMENTS = YES;
				CLANG_WARN_EMPTY_BODY = YES;
				CLANG_WARN_ENUM_CONVERSION = YES;
				CLANG_WARN_INFINITE_RECURSION = YES;
				CLANG_WARN_INT_CONVERSION = YES;
				CLANG_WARN_NON_LITERAL_NULL_CONVERSION = YES;
				CLANG_WARN_OBJC_IMPLICIT_RETAIN_SELF = YES;
				CLANG_WARN_OBJC_LITERAL_CONVERSION = YES;
				CLANG_WARN_OBJC_ROOT_CLASS = YES_ERROR;
				CLANG_WARN_QUOTED_INCLUDE_IN_FRAMEWORK_HEADER = YES;
				CLANG_WARN_RANGE_LOOP_ANALYSIS = YES;
				CLANG_WARN_STRICT_PROTOTYPES = YES;
				CLANG_WARN_SUSPICIOUS_MOVE = YES;
				CLANG_WARN_UNGUARDED_AVAILABILITY = YES_AGGRESSIVE;
				CLANG_WARN_UNREACHABLE_CODE = YES;
				CLANG_WARN__DUPLICATE_METHOD_MATCH = YES;
				COPY_PHASE_STRIP = NO;
				DEBUG_INFORMATION_FORMAT = dwarf;
				ENABLE_STRICT_OBJC_MSGSEND = YES;
				ENABLE_TESTABILITY = YES;
				GCC_C_LANGUAGE_STANDARD = gnu11;
				GCC_DYNAMIC_NO_PIC = NO;
				GCC_NO_COMMON_BLOCKS = YES;
				GCC_OPTIMIZATION_LEVEL = 0;
				GCC_PREPROCESSOR_DEFINITIONS = (
					"DEBUG=1",
					"$(inherited)",
				);
				GCC_WARN_64_TO_32_BIT_CONVERSION = YES;
				GCC_WARN_ABOUT_RETURN_TYPE = YES_ERROR;
				GCC_WARN_UNDECLARED_SELECTOR = YES;
				GCC_WARN_UNINITIALIZED_AUTOS = YES_AGGRESSIVE;
				GCC_WARN_UNUSED_FUNCTION = YES;
				GCC_WARN_UNUSED_VARIABLE = YES;
				IPHONEOS_DEPLOYMENT_TARGET = 16.0;
				MTL_ENABLE_DEBUG_INFO = INCLUDE_SOURCE;
				MTL_FAST_MATH = YES;
				ONLY_ACTIVE_ARCH = YES;
				SDKROOT = iphoneos;
				SWIFT_ACTIVE_COMPILATION_CONDITIONS = DEBUG;
				SWIFT_OPTIMIZATION_LEVEL = "-Onone";
			};
			name = Debug;
		};
		EAB29B5929BC99CF00922342 /* Release */ = {
			isa = XCBuildConfiguration;
			buildSettings = {
				ALWAYS_SEARCH_USER_PATHS = NO;
				CLANG_ANALYZER_NONNULL = YES;
				CLANG_ANALYZER_NUMBER_OBJECT_CONVERSION = YES_AGGRESSIVE;
				CLANG_CXX_LANGUAGE_STANDARD = "gnu++20";
				CLANG_ENABLE_MODULES = YES;
				CLANG_ENABLE_OBJC_ARC = YES;
				CLANG_ENABLE_OBJC_WEAK = YES;
				CLANG_WARN_BLOCK_CAPTURE_AUTORELEASING = YES;
				CLANG_WARN_BOOL_CONVERSION = YES;
				CLANG_WARN_COMMA = YES;
				CLANG_WARN_CONSTANT_CONVERSION = YES;
				CLANG_WARN_DEPRECATED_OBJC_IMPLEMENTATIONS = YES;
				CLANG_WARN_DIRECT_OBJC_ISA_USAGE = YES_ERROR;
				CLANG_WARN_DOCUMENTATION_COMMENTS = YES;
				CLANG_WARN_EMPTY_BODY = YES;
				CLANG_WARN_ENUM_CONVERSION = YES;
				CLANG_WARN_INFINITE_RECURSION = YES;
				CLANG_WARN_INT_CONVERSION = YES;
				CLANG_WARN_NON_LITERAL_NULL_CONVERSION = YES;
				CLANG_WARN_OBJC_IMPLICIT_RETAIN_SELF = YES;
				CLANG_WARN_OBJC_LITERAL_CONVERSION = YES;
				CLANG_WARN_OBJC_ROOT_CLASS = YES_ERROR;
				CLANG_WARN_QUOTED_INCLUDE_IN_FRAMEWORK_HEADER = YES;
				CLANG_WARN_RANGE_LOOP_ANALYSIS = YES;
				CLANG_WARN_STRICT_PROTOTYPES = YES;
				CLANG_WARN_SUSPICIOUS_MOVE = YES;
				CLANG_WARN_UNGUARDED_AVAILABILITY = YES_AGGRESSIVE;
				CLANG_WARN_UNREACHABLE_CODE = YES;
				CLANG_WARN__DUPLICATE_METHOD_MATCH = YES;
				COPY_PHASE_STRIP = NO;
				DEBUG_INFORMATION_FORMAT = "dwarf-with-dsym";
				ENABLE_NS_ASSERTIONS = NO;
				ENABLE_STRICT_OBJC_MSGSEND = YES;
				GCC_C_LANGUAGE_STANDARD = gnu11;
				GCC_NO_COMMON_BLOCKS = YES;
				GCC_WARN_64_TO_32_BIT_CONVERSION = YES;
				GCC_WARN_ABOUT_RETURN_TYPE = YES_ERROR;
				GCC_WARN_UNDECLARED_SELECTOR = YES;
				GCC_WARN_UNINITIALIZED_AUTOS = YES_AGGRESSIVE;
				GCC_WARN_UNUSED_FUNCTION = YES;
				GCC_WARN_UNUSED_VARIABLE = YES;
				IPHONEOS_DEPLOYMENT_TARGET = 16.0;
				MTL_ENABLE_DEBUG_INFO = NO;
				MTL_FAST_MATH = YES;
				SDKROOT = iphoneos;
				SWIFT_COMPILATION_MODE = wholemodule;
				SWIFT_OPTIMIZATION_LEVEL = "-O";
				VALIDATE_PRODUCT = YES;
			};
			name = Release;
		};
		EAB29B5B29BC99CF00922342 /* Debug */ = {
			isa = XCBuildConfiguration;
			buildSettings = {
				ASSETCATALOG_COMPILER_APPICON_NAME = AppIcon;
				ASSETCATALOG_COMPILER_GLOBAL_ACCENT_COLOR_NAME = AccentColor;
				CODE_SIGN_STYLE = Automatic;
				CURRENT_PROJECT_VERSION = 1;
				DEVELOPMENT_TEAM = RSBH48TS8D;
				GENERATE_INFOPLIST_FILE = YES;
				INFOPLIST_FILE = OnlineShop/Info.plist;
				INFOPLIST_KEY_UIApplicationSupportsIndirectInputEvents = YES;
				INFOPLIST_KEY_UILaunchStoryboardName = LaunchScreen;
				INFOPLIST_KEY_UISupportedInterfaceOrientations = UIInterfaceOrientationPortrait;
				INFOPLIST_KEY_UISupportedInterfaceOrientations_iPad = "UIInterfaceOrientationLandscapeLeft UIInterfaceOrientationLandscapeRight UIInterfaceOrientationPortrait UIInterfaceOrientationPortraitUpsideDown";
				LD_RUNPATH_SEARCH_PATHS = (
					"$(inherited)",
					"@executable_path/Frameworks",
				);
				MARKETING_VERSION = 1.0;
				PRODUCT_BUNDLE_IDENTIFIER = gvelko90.OnlineShop;
				PRODUCT_NAME = "$(TARGET_NAME)";
				SUPPORTED_PLATFORMS = "iphoneos iphonesimulator";
				SUPPORTS_MACCATALYST = NO;
				SUPPORTS_MAC_DESIGNED_FOR_IPHONE_IPAD = NO;
				SWIFT_EMIT_LOC_STRINGS = YES;
				SWIFT_VERSION = 5.0;
				TARGETED_DEVICE_FAMILY = 1;
			};
			name = Debug;
		};
		EAB29B5C29BC99CF00922342 /* Release */ = {
			isa = XCBuildConfiguration;
			buildSettings = {
				ASSETCATALOG_COMPILER_APPICON_NAME = AppIcon;
				ASSETCATALOG_COMPILER_GLOBAL_ACCENT_COLOR_NAME = AccentColor;
				CODE_SIGN_STYLE = Automatic;
				CURRENT_PROJECT_VERSION = 1;
				DEVELOPMENT_TEAM = RSBH48TS8D;
				GENERATE_INFOPLIST_FILE = YES;
				INFOPLIST_FILE = OnlineShop/Info.plist;
				INFOPLIST_KEY_UIApplicationSupportsIndirectInputEvents = YES;
				INFOPLIST_KEY_UILaunchStoryboardName = LaunchScreen;
				INFOPLIST_KEY_UISupportedInterfaceOrientations = UIInterfaceOrientationPortrait;
				INFOPLIST_KEY_UISupportedInterfaceOrientations_iPad = "UIInterfaceOrientationLandscapeLeft UIInterfaceOrientationLandscapeRight UIInterfaceOrientationPortrait UIInterfaceOrientationPortraitUpsideDown";
				LD_RUNPATH_SEARCH_PATHS = (
					"$(inherited)",
					"@executable_path/Frameworks",
				);
				MARKETING_VERSION = 1.0;
				PRODUCT_BUNDLE_IDENTIFIER = gvelko90.OnlineShop;
				PRODUCT_NAME = "$(TARGET_NAME)";
				SUPPORTED_PLATFORMS = "iphoneos iphonesimulator";
				SUPPORTS_MACCATALYST = NO;
				SUPPORTS_MAC_DESIGNED_FOR_IPHONE_IPAD = NO;
				SWIFT_EMIT_LOC_STRINGS = YES;
				SWIFT_VERSION = 5.0;
				TARGETED_DEVICE_FAMILY = 1;
			};
			name = Release;
		};
/* End XCBuildConfiguration section */

/* Begin XCConfigurationList section */
		EAB29B4129BC99CC00922342 /* Build configuration list for PBXProject "OnlineShop" */ = {
			isa = XCConfigurationList;
			buildConfigurations = (
				EAB29B5829BC99CF00922342 /* Debug */,
				EAB29B5929BC99CF00922342 /* Release */,
			);
			defaultConfigurationIsVisible = 0;
			defaultConfigurationName = Release;
		};
		EAB29B5A29BC99CF00922342 /* Build configuration list for PBXNativeTarget "OnlineShop" */ = {
			isa = XCConfigurationList;
			buildConfigurations = (
				EAB29B5B29BC99CF00922342 /* Debug */,
				EAB29B5C29BC99CF00922342 /* Release */,
			);
			defaultConfigurationIsVisible = 0;
			defaultConfigurationName = Release;
		};
/* End XCConfigurationList section */

/* Begin XCVersionGroup section */
		EAC7154A29BF3ADC0085C6F1 /* OnlineShopModel.xcdatamodeld */ = {
			isa = XCVersionGroup;
			children = (
				EAC7154B29BF3ADC0085C6F1 /* OnlineShopModel.xcdatamodel */,
			);
			currentVersion = EAC7154B29BF3ADC0085C6F1 /* OnlineShopModel.xcdatamodel */;
			path = OnlineShopModel.xcdatamodeld;
			sourceTree = "<group>";
			versionGroupType = wrapper.xcdatamodel;
		};
/* End XCVersionGroup section */
	};
	rootObject = EAB29B3E29BC99CC00922342 /* Project object */;
}
